
Microsoft Visual Studio Solution File, Format Version 12.00
# Visual Studio Version 17
VisualStudioVersion = 17.7.34221.43
MinimumVisualStudioVersion = 10.0.40219.1
Project("{A0786B88-2ADB-4C21-ABE8-AA2D79766269}") = "TestProjectPHP", "TestProjectPHP\TestProjectPHP.phpproj", "{D0724F7F-4979-49AA-BD47-105709353FC0}"
EndProject
Global
	GlobalSection(SolutionConfigurationPlatforms) = preSolution
		Debug|Any CPU = Debug|Any CPU
		Release|Any CPU = Release|Any CPU
	EndGlobalSection
	GlobalSection(ProjectConfigurationPlatforms) = postSolution
		{D0724F7F-4979-49AA-BD47-105709353FC0}.Debug|Any CPU.ActiveCfg = Debug|Any CPU
		{D0724F7F-4979-49AA-BD47-105709353FC0}.Debug|Any CPU.Build.0 = Debug|Any CPU
		{D0724F7F-4979-49AA-BD47-105709353FC0}.Release|Any CPU.ActiveCfg = Release|Any CPU
		{D0724F7F-4979-49AA-BD47-105709353FC0}.Release|Any CPU.Build.0 = Release|Any CPU
	EndGlobalSection
	GlobalSection(SolutionProperties) = preSolution
		HideSolutionNode = FALSE
	EndGlobalSection
	GlobalSection(ExtensibilityGlobals) = postSolution
		SolutionGuid = {22533CBC-C2C1-402D-8A5D-D1B9701768B4}
	EndGlobalSection
EndGlobal
